{
  "name": "@d2-admin/ice-block-json-tree-view",
  "version": "0.0.1",
  "lockfileVersion": 1,
  "requires": true,
  "dependencies": {
    "lodash": {
      "version": "4.17.10",
      "resolved": "https://registry.npmjs.org/lodash/-/lodash-4.17.10.tgz",
      "integrity": "sha512-UejweD1pDoXu+AD825lWwp4ZGtSwgnpZxb3JDViD7StjQz+Nb/6l093lx4OQ0foGWNRoc19mWy7BzL+UAK2iVg=="
    },
    "vue": {
      "version": "2.5.16",
      "resolved": "https://registry.npmjs.org/vue/-/vue-2.5.16.tgz",
      "integrity": "sha512-/ffmsiVuPC8PsWcFkZngdpas19ABm5mh2wA7iDqcltyCTwlgZjHGeJYOXkBMo422iPwIcviOtrTCUpSfXmToLQ=="
    },
    "vue-json-tree-view": {
      "version": "2.1.4",
      "resolved": "https://registry.npmjs.org/vue-json-tree-view/-/vue-json-tree-view-2.1.4.tgz",
      "integrity": "sha512-Kn+x07oqnps3ojBQOplS1oAJheaO7Y8drNLN2pDnn7VWVMGVljuqrgamFAv1oqTsp/eWlbvtHJc81iSQ2gWSzw==",
      "requires": {
        "lodash": "4.17.10",
        "vue": "2.5.16"
      }
    }
  }
}
